// !$*UTF8*$!
{
	archiveVersion = 1;
	classes = {
	};
	objectVersion = 50;
	objects = {

/* Begin PBXBuildFile section */
		48B32BDD21965B55000E6583 /* AppDelegate.swift in Sources */ = {isa = PBXBuildFile; fileRef = 48B32BDC21965B55000E6583 /* AppDelegate.swift */; };
		48B32BDF21965B55000E6583 /* PaintingViewController.swift in Sources */ = {isa = PBXBuildFile; fileRef = 48B32BDE21965B55000E6583 /* PaintingViewController.swift */; };
		48B32BE221965B55000E6583 /* Main.storyboard in Resources */ = {isa = PBXBuildFile; fileRef = 48B32BE021965B55000E6583 /* Main.storyboard */; };
		48B32BE421965B56000E6583 /* Assets.xcassets in Resources */ = {isa = PBXBuildFile; fileRef = 48B32BE321965B56000E6583 /* Assets.xcassets */; };
		48B32BE721965B56000E6583 /* LaunchScreen.storyboard in Resources */ = {isa = PBXBuildFile; fileRef = 48B32BE521965B56000E6583 /* LaunchScreen.storyboard */; };
		48B32BF121965E5C000E6583 /* PaintingTableViewCell.swift in Sources */ = {isa = PBXBuildFile; fileRef = 48B32BF021965E5C000E6583 /* PaintingTableViewCell.swift */; };
		48B32BF321966118000E6583 /* Painting.swift in Sources */ = {isa = PBXBuildFile; fileRef = 48B32BF221966118000E6583 /* Painting.swift */; };
		48B32BF521966135000E6583 /* PaintingTableViewCellDelegate.swift in Sources */ = {isa = PBXBuildFile; fileRef = 48B32BF421966134000E6583 /* PaintingTableViewCellDelegate.swift */; };
		48B32BF721966148000E6583 /* PaintingModel.swift in Sources */ = {isa = PBXBuildFile; fileRef = 48B32BF621966148000E6583 /* PaintingModel.swift */; };
/* End PBXBuildFile section */

/* Begin PBXFileReference section */
		48B32BD921965B55000E6583 /* Art-Gallery.app */ = {isa = PBXFileReference; explicitFileType = wrapper.application; includeInIndex = 0; path = "Art-Gallery.app"; sourceTree = BUILT_PRODUCTS_DIR; };
		48B32BDC21965B55000E6583 /* AppDelegate.swift */ = {isa = PBXFileReference; lastKnownFileType = sourcecode.swift; path = AppDelegate.swift; sourceTree = "<group>"; };
		48B32BDE21965B55000E6583 /* PaintingViewController.swift */ = {isa = PBXFileReference; lastKnownFileType = sourcecode.swift; path = PaintingViewController.swift; sourceTree = "<group>"; };
		48B32BE121965B55000E6583 /* Base */ = {isa = PBXFileReference; lastKnownFileType = file.storyboard; name = Base; path = Base.lproj/Main.storyboard; sourceTree = "<group>"; };
		48B32BE321965B56000E6583 /* Assets.xcassets */ = {isa = PBXFileReference; lastKnownFileType = folder.assetcatalog; path = Assets.xcassets; sourceTree = "<group>"; };
		48B32BE621965B56000E6583 /* Base */ = {isa = PBXFileReference; lastKnownFileType = file.storyboard; name = Base; path = Base.lproj/LaunchScreen.storyboard; sourceTree = "<group>"; };
		48B32BE821965B56000E6583 /* Info.plist */ = {isa = PBXFileReference; lastKnownFileType = text.plist.xml; path = Info.plist; sourceTree = "<group>"; };
		48B32BF021965E5C000E6583 /* PaintingTableViewCell.swift */ = {isa = PBXFileReference; lastKnownFileType = sourcecode.swift; path = PaintingTableViewCell.swift; sourceTree = "<group>"; };
		48B32BF221966118000E6583 /* Painting.swift */ = {isa = PBXFileReference; lastKnownFileType = sourcecode.swift; path = Painting.swift; sourceTree = "<group>"; };
		48B32BF421966134000E6583 /* PaintingTableViewCellDelegate.swift */ = {isa = PBXFileReference; lastKnownFileType = sourcecode.swift; path = PaintingTableViewCellDelegate.swift; sourceTree = "<group>"; };
		48B32BF621966148000E6583 /* PaintingModel.swift */ = {isa = PBXFileReference; lastKnownFileType = sourcecode.swift; path = PaintingModel.swift; sourceTree = "<group>"; };
/* End PBXFileReference section */

/* Begin PBXFrameworksBuildPhase section */
		48B32BD621965B55000E6583 /* Frameworks */ = {
			isa = PBXFrameworksBuildPhase;
			buildActionMask = 2147483647;
			files = (
			);
			runOnlyForDeploymentPostprocessing = 0;
		};
/* End PBXFrameworksBuildPhase section */

/* Begin PBXGroup section */
		48B32BD021965B54000E6583 = {
			isa = PBXGroup;
			children = (
				48B32BDB21965B55000E6583 /* Art-Gallery */,
				48B32BDA21965B55000E6583 /* Products */,
			);
			sourceTree = "<group>";
		};
		48B32BDA21965B55000E6583 /* Products */ = {
			isa = PBXGroup;
			children = (
				48B32BD921965B55000E6583 /* Art-Gallery.app */,
			);
			name = Products;
			sourceTree = "<group>";
		};
		48B32BDB21965B55000E6583 /* Art-Gallery */ = {
			isa = PBXGroup;
			children = (
				48B32BDC21965B55000E6583 /* AppDelegate.swift */,
				48B32BF221966118000E6583 /* Painting.swift */,
				48B32BF621966148000E6583 /* PaintingModel.swift */,
				48B32BF021965E5C000E6583 /* PaintingTableViewCell.swift */,
				48B32BF421966134000E6583 /* PaintingTableViewCellDelegate.swift */,
				48B32BDE21965B55000E6583 /* PaintingViewController.swift */,
				48B32BE021965B55000E6583 /* Main.storyboard */,
				48B32BE321965B56000E6583 /* Assets.xcassets */,
				48B32BE521965B56000E6583 /* LaunchScreen.storyboard */,
				48B32BE821965B56000E6583 /* Info.plist */,
			);
			path = "Art-Gallery";
			sourceTree = "<group>";
		};
/* End PBXGroup section */

/* Begin PBXNativeTarget section */
		48B32BD821965B55000E6583 /* Art-Gallery */ = {
			isa = PBXNativeTarget;
			buildConfigurationList = 48B32BEB21965B56000E6583 /* Build configuration list for PBXNativeTarget "Art-Gallery" */;
			buildPhases = (
				48B32BD521965B55000E6583 /* Sources */,
				48B32BD621965B55000E6583 /* Frameworks */,
				48B32BD721965B55000E6583 /* Resources */,
			);
			buildRules = (
			);
			dependencies = (
			);
			name = "Art-Gallery";
			productName = "Art-Gallery";
			productReference = 48B32BD921965B55000E6583 /* Art-Gallery.app */;
			productType = "com.apple.product-type.application";
		};
/* End PBXNativeTarget section */

/* Begin PBXProject section */
		48B32BD121965B54000E6583 /* Project object */ = {
			isa = PBXProject;
			attributes = {
				LastSwiftUpdateCheck = 1010;
				LastUpgradeCheck = 1010;
				ORGANIZATIONNAME = Frulwinn;
				TargetAttributes = {
					48B32BD821965B55000E6583 = {
						CreatedOnToolsVersion = 10.1;
					};
				};
			};
			buildConfigurationList = 48B32BD421965B54000E6583 /* Build configuration list for PBXProject "Art-Gallery" */;
			compatibilityVersion = "Xcode 9.3";
			developmentRegion = en;
			hasScannedForEncodings = 0;
			knownRegions = (
				en,
				Base,
			);
			mainGroup = 48B32BD021965B54000E6583;
			productRefGroup = 48B32BDA21965B55000E6583 /* Products */;
			projectDirPath = "";
			projectRoot = "";
			targets = (
				48B32BD821965B55000E6583 /* Art-Gallery */,
			);
		};
/* End PBXProject section */

/* Begin PBXResourcesBuildPhase section */
		48B32BD721965B55000E6583 /* Resources */ = {
			isa = PBXResourcesBuildPhase;
			buildActionMask = 2147483647;
			files = (
				48B32BE721965B56000E6583 /* LaunchScreen.storyboard in Resources */,
				48B32BE421965B56000E6583 /* Assets.xcassets in Resources */,
				48B32BE221965B55000E6583 /* Main.storyboard in Resources */,
			);
			runOnlyForDeploymentPostprocessing = 0;
		};
/* End PBXResourcesBuildPhase section */

/* Begin PBXSourcesBuildPhase section */
		48B32BD521965B55000E6583 /* Sources */ = {
			isa = PBXSourcesBuildPhase;
			buildActionMask = 2147483647;
			files = (
				48B32BDF21965B55000E6583 /* PaintingViewController.swift in Sources */,
				48B32BF721966148000E6583 /* PaintingModel.swift in Sources */,
				48B32BDD21965B55000E6583 /* AppDelegate.swift in Sources */,
				48B32BF121965E5C000E6583 /* PaintingTableViewCell.swift in Sources */,
				48B32BF321966118000E6583 /* Painting.swift in Sources */,
				48B32BF521966135000E6583 /* PaintingTableViewCellDelegate.swift in Sources */,
			);
			runOnlyForDeploymentPostprocessing = 0;
		};
/* End PBXSourcesBuildPhase section */

/* Begin PBXVariantGroup section */
		48B32BE021965B55000E6583 /* Main.storyboard */ = {
			isa = PBXVariantGroup;
			children = (
				48B32BE121965B55000E6583 /* Base */,
			);
			name = Main.storyboard;
			sourceTree = "<group>";
		};
		48B32BE521965B56000E6583 /* LaunchScreen.storyboard */ = {
			isa = PBXVariantGroup;
			children = (
				48B32BE621965B56000E6583 /* Base */,
			);
			name = LaunchScreen.storyboard;
			sourceTree = "<group>";
		};
/* End PBXVariantGroup section */

/* Begin XCBuildConfiguration section */
		48B32BE921965B56000E6583 /* Debug */ = {
			isa = XCBuildConfiguration;
			buildSettings = {
				ALWAYS_SEARCH_USER_PATHS = NO;
				CLANG_ANALYZER_NONNULL = YES;
				CLANG_ANALYZER_NUMBER_OBJECT_CONVERSION = YES_AGGRESSIVE;
				CLANG_CXX_LANGUAGE_STANDARD = "gnu++14";
				CLANG_CXX_LIBRARY = "libc++";
				CLANG_ENABLE_MODULES = YES;
				CLANG_ENABLE_OBJC_ARC = YES;
				CLANG_ENABLE_OBJC_WEAK = YES;
				CLANG_WARN_BLOCK_CAPTURE_AUTORELEASING = YES;
				CLANG_WARN_BOOL_CONVERSION = YES;
				CLANG_WARN_COMMA = YES;
				CLANG_WARN_CONSTANT_CONVERSION = YES;
				CLANG_WARN_DEPRECATED_OBJC_IMPLEMENTATIONS = YES;
				CLANG_WARN_DIRECT_OBJC_ISA_USAGE = YES_ERROR;
				CLANG_WARN_DOCUMENTATION_COMMENTS = YES;
				CLANG_WARN_EMPTY_BODY = YES;
				CLANG_WARN_ENUM_CONVERSION = YES;
				CLANG_WARN_INFINITE_RECURSION = YES;
				CLANG_WARN_INT_CONVERSION = YES;
				CLANG_WARN_NON_LITERAL_NULL_CONVERSION = YES;
				CLANG_WARN_OBJC_IMPLICIT_RETAIN_SELF = YES;
				CLANG_WARN_OBJC_LITERAL_CONVERSION = YES;
				CLANG_WARN_OBJC_ROOT_CLASS = YES_ERROR;
				CLANG_WARN_RANGE_LOOP_ANALYSIS = YES;
				CLANG_WARN_STRICT_PROTOTYPES = YES;
				CLANG_WARN_SUSPICIOUS_MOVE = YES;
				CLANG_WARN_UNGUARDED_AVAILABILITY = YES_AGGRESSIVE;
				CLANG_WARN_UNREACHABLE_CODE = YES;
				CLANG_WARN__DUPLICATE_METHOD_MATCH = YES;
				CODE_SIGN_IDENTITY = "iPhone Developer";
				COPY_PHASE_STRIP = NO;
				DEBUG_INFORMATION_FORMAT = dwarf;
				ENABLE_STRICT_OBJC_MSGSEND = YES;
				ENABLE_TESTABILITY = YES;
				GCC_C_LANGUAGE_STANDARD = gnu11;
				GCC_DYNAMIC_NO_PIC = NO;
				GCC_NO_COMMON_BLOCKS = YES;
				GCC_OPTIMIZATION_LEVEL = 0;
				GCC_PREPROCESSOR_DEFINITIONS = (
					"DEBUG=1",
					"$(inherited)",
				);
				GCC_WARN_64_TO_32_BIT_CONVERSION = YES;
				GCC_WARN_ABOUT_RETURN_TYPE = YES_ERROR;
				GCC_WARN_UNDECLARED_SELECTOR = YES;
				GCC_WARN_UNINITIALIZED_AUTOS = YES_AGGRESSIVE;
				GCC_WARN_UNUSED_FUNCTION = YES;
				GCC_WARN_UNUSED_VARIABLE = YES;
				IPHONEOS_DEPLOYMENT_TARGET = 12.1;
				MTL_ENABLE_DEBUG_INFO = INCLUDE_SOURCE;
				MTL_FAST_MATH = YES;
				ONLY_ACTIVE_ARCH = YES;
				SDKROOT = iphoneos;
				SWIFT_ACTIVE_COMPILATION_CONDITIONS = DEBUG;
				SWIFT_OPTIMIZATION_LEVEL = "-Onone";
			};
			name = Debug;
		};
		48B32BEA21965B56000E6583 /* Release */ = {
			isa = XCBuildConfiguration;
			buildSettings = {
				ALWAYS_SEARCH_USER_PATHS = NO;
				CLANG_ANALYZER_NONNULL = YES;
				CLANG_ANALYZER_NUMBER_OBJECT_CONVERSION = YES_AGGRESSIVE;
				CLANG_CXX_LANGUAGE_STANDARD = "gnu++14";
				CLANG_CXX_LIBRARY = "libc++";
				CLANG_ENABLE_MODULES = YES;
				CLANG_ENABLE_OBJC_ARC = YES;
				CLANG_ENABLE_OBJC_WEAK = YES;
				CLANG_WARN_BLOCK_CAPTURE_AUTORELEASING = YES;
				CLANG_WARN_BOOL_CONVERSION = YES;
				CLANG_WARN_COMMA = YES;
				CLANG_WARN_CONSTANT_CONVERSION = YES;
				CLANG_WARN_DEPRECATED_OBJC_IMPLEMENTATIONS = YES;
				CLANG_WARN_DIRECT_OBJC_ISA_USAGE = YES_ERROR;
				CLANG_WARN_DOCUMENTATION_COMMENTS = YES;
				CLANG_WARN_EMPTY_BODY = YES;
				CLANG_WARN_ENUM_CONVERSION = YES;
				CLANG_WARN_INFINITE_RECURSION = YES;
				CLANG_WARN_INT_CONVERSION = YES;
				CLANG_WARN_NON_LITERAL_NULL_CONVERSION = YES;
				CLANG_WARN_OBJC_IMPLICIT_RETAIN_SELF = YES;
				CLANG_WARN_OBJC_LITERAL_CONVERSION = YES;
				CLANG_WARN_OBJC_ROOT_CLASS = YES_ERROR;
				CLANG_WARN_RANGE_LOOP_ANALYSIS = YES;
				CLANG_WARN_STRICT_PROTOTYPES = YES;
				CLANG_WARN_SUSPICIOUS_MOVE = YES;
				CLANG_WARN_UNGUARDED_AVAILABILITY = YES_AGGRESSIVE;
				CLANG_WARN_UNREACHABLE_CODE = YES;
				CLANG_WARN__DUPLICATE_METHOD_MATCH = YES;
				CODE_SIGN_IDENTITY = "iPhone Developer";
				COPY_PHASE_STRIP = NO;
				DEBUG_INFORMATION_FORMAT = "dwarf-with-dsym";
				ENABLE_NS_ASSERTIONS = NO;
				ENABLE_STRICT_OBJC_MSGSEND = YES;
				GCC_C_LANGUAGE_STANDARD = gnu11;
				GCC_NO_COMMON_BLOCKS = YES;
				GCC_WARN_64_TO_32_BIT_CONVERSION = YES;
				GCC_WARN_ABOUT_RETURN_TYPE = YES_ERROR;
				GCC_WARN_UNDECLARED_SELECTOR = YES;
				GCC_WARN_UNINITIALIZED_AUTOS = YES_AGGRESSIVE;
				GCC_WARN_UNUSED_FUNCTION = YES;
				GCC_WARN_UNUSED_VARIABLE = YES;
				IPHONEOS_DEPLOYMENT_TARGET = 12.1;
				MTL_ENABLE_DEBUG_INFO = NO;
				MTL_FAST_MATH = YES;
				SDKROOT = iphoneos;
				SWIFT_COMPILATION_MODE = wholemodule;
				SWIFT_OPTIMIZATION_LEVEL = "-O";
				VALIDATE_PRODUCT = YES;
			};
			name = Release;
		};
		48B32BEC21965B56000E6583 /* Debug */ = {
			isa = XCBuildConfiguration;
			buildSettings = {
				ASSETCATALOG_COMPILER_APPICON_NAME = AppIcon;
				CODE_SIGN_STYLE = Automatic;
				INFOPLIST_FILE = "Art-Gallery/Info.plist";
				LD_RUNPATH_SEARCH_PATHS = (
					"$(inherited)",
					"@executable_path/Frameworks",
				);
				PRODUCT_BUNDLE_IDENTIFIER = "com.Fru.Art-Gallery";
				PRODUCT_NAME = "$(TARGET_NAME)";
				SWIFT_VERSION = 4.2;
				TARGETED_DEVICE_FAMILY = "1,2";
			};
			name = Debug;
		};
		48B32BED21965B56000E6583 /* Release */ = {
			isa = XCBuildConfiguration;
			buildSettings = {
				ASSETCATALOG_COMPILER_APPICON_NAME = AppIcon;
				CODE_SIGN_STYLE = Automatic;
				INFOPLIST_FILE = "Art-Gallery/Info.plist";
				LD_RUNPATH_SEARCH_PATHS = (
					"$(inherited)",
					"@executable_path/Frameworks",
				);
				PRODUCT_BUNDLE_IDENTIFIER = "com.Fru.Art-Gallery";
				PRODUCT_NAME = "$(TARGET_NAME)";
				SWIFT_VERSION = 4.2;
				TARGETED_DEVICE_FAMILY = "1,2";
			};
			name = Release;
		};
/* End XCBuildConfiguration section */

/* Begin XCConfigurationList section */
		48B32BD421965B54000E6583 /* Build configuration list for PBXProject "Art-Gallery" */ = {
			isa = XCConfigurationList;
			buildConfigurations = (
				48B32BE921965B56000E6583 /* Debug */,
				48B32BEA21965B56000E6583 /* Release */,
			);
			defaultConfigurationIsVisible = 0;
			defaultConfigurationName = Release;
		};
		48B32BEB21965B56000E6583 /* Build configuration list for PBXNativeTarget "Art-Gallery" */ = {
			isa = XCConfigurationList;
			buildConfigurations = (
				48B32BEC21965B56000E6583 /* Debug */,
				48B32BED21965B56000E6583 /* Release */,
			);
			defaultConfigurationIsVisible = 0;
			defaultConfigurationName = Release;
		};
/* End XCConfigurationList section */
	};
	rootObject = 48B32BD121965B54000E6583 /* Project object */;
}
